
Microsoft Visual Studio Solution File, Format Version 12.00
Project("{2150E333-8FDC-42A3-9474-1A3956D46DE8}") = "src", "src", "{47234F03-B60A-49FD-8700-1087A8C1F9AA}"
EndProject
Project("{2150E333-8FDC-42A3-9474-1A3956D46DE8}") = "Services", "Services", "{9158A7A4-2CF9-47BE-91A4-8283CF68BF1D}"
EndProject
Project("{2150E333-8FDC-42A3-9474-1A3956D46DE8}") = "Catalog", "Catalog", "{28EF4CCA-27F9-4140-84AD-3877A363B672}"
EndProject
Project("{2150E333-8FDC-42A3-9474-1A3956D46DE8}") = "Core", "Core", "{06C99127-FE07-4C4E-A5DE-973C43B8F4D4}"
EndProject
Project("{2150E333-8FDC-42A3-9474-1A3956D46DE8}") = "Sales", "Sales", "{801BF1A6-FFD2-4B5E-98B3-295DF44C8BD2}"
EndProject
Project("{2150E333-8FDC-42A3-9474-1A3956D46DE8}") = "tests", "tests", "{72806AB4-2E59-45D3-885A-D7579503E26D}"
EndProject
Project("{FAE04EC0-301F-11D3-BF4B-00C04F79EFBC}") = "NerdStore.Catalog.Domain", "src\NerdStore.Catalog.Domain\NerdStore.Catalog.Domain.csproj", "{1E7791A8-77D6-47EF-B53D-8B6920C3C0C3}"
EndProject
Project("{FAE04EC0-301F-11D3-BF4B-00C04F79EFBC}") = "NerdStore.Catalog.Data", "src\NerdStore.Catalog.Data\NerdStore.Catalog.Data.csproj", "{B689886C-A551-42D0-9261-780959189E88}"
EndProject
Project("{FAE04EC0-301F-11D3-BF4B-00C04F79EFBC}") = "NerdStore.Catalog.Application", "src\NerdStore.Catalog.Application\NerdStore.Catalog.Application.csproj", "{9CF3D385-A2FC-4BA7-8F4B-F7464664F23A}"
EndProject
Project("{FAE04EC0-301F-11D3-BF4B-00C04F79EFBC}") = "NerdStore.Catalog.Tests", "tests\NerdStore.Catalog.Tests\NerdStore.Catalog.Tests.csproj", "{0387615D-81E5-4DDC-9ABB-22127973A16A}"
EndProject
Project("{FAE04EC0-301F-11D3-BF4B-00C04F79EFBC}") = "NerdStore.Core", "src\NerdStore.Core\NerdStore.Core.csproj", "{CBEC86B8-22C5-43EA-A8BB-E201F9ADA9A8}"
EndProject
Project("{2150E333-8FDC-42A3-9474-1A3956D46DE8}") = "WebApps", "WebApps", "{42700ABC-DF2C-4872-B853-53A7EF9BD6E7}"
EndProject
Project("{FAE04EC0-301F-11D3-BF4B-00C04F79EFBC}") = "NerdStore.Sales.Domain", "src\NerdStore.Sales.Domain\NerdStore.Sales.Domain.csproj", "{4DCD37C9-B1AE-4DD2-B0FF-7BB8E5D458B9}"
EndProject
Project("{FAE04EC0-301F-11D3-BF4B-00C04F79EFBC}") = "NerdStore.Sales.Application", "src\NerdStore.Sales.Application\NerdStore.Sales.Application.csproj", "{CE65F733-A229-40B1-9251-987891867A2C}"
EndProject
Project("{FAE04EC0-301F-11D3-BF4B-00C04F79EFBC}") = "NerdStore.Sales.Infrastructure", "src\NerdStore.Sales.Infrastructure\NerdStore.Sales.Infrastructure.csproj", "{BBC26875-14D5-4482-B24E-C1B8D6742E48}"
EndProject
Project("{2150E333-8FDC-42A3-9474-1A3956D46DE8}") = "tests", "tests", "{274B069B-1927-47A5-8B81-420C7DA98170}"
EndProject
Project("{FAE04EC0-301F-11D3-BF4B-00C04F79EFBC}") = "NerdStore.Catalog.API", "src\NerdStore.Catalog.API\NerdStore.Catalog.API.csproj", "{3661BE0D-4E3A-4765-B1A7-9365FABBEDE6}"
EndProject
Project("{FAE04EC0-301F-11D3-BF4B-00C04F79EFBC}") = "NerdStore.WebApp.MVC", "src\NerdStore.WebApp.MVC\NerdStore.WebApp.MVC.csproj", "{2C72EFC2-6A15-491A-B8FF-B5EB1EB71468}"
EndProject
Global
	GlobalSection(SolutionConfigurationPlatforms) = preSolution
		Debug|Any CPU = Debug|Any CPU
		Release|Any CPU = Release|Any CPU
	EndGlobalSection
	GlobalSection(NestedProjects) = preSolution
		{9158A7A4-2CF9-47BE-91A4-8283CF68BF1D} = {47234F03-B60A-49FD-8700-1087A8C1F9AA}
		{28EF4CCA-27F9-4140-84AD-3877A363B672} = {9158A7A4-2CF9-47BE-91A4-8283CF68BF1D}
		{06C99127-FE07-4C4E-A5DE-973C43B8F4D4} = {9158A7A4-2CF9-47BE-91A4-8283CF68BF1D}
		{801BF1A6-FFD2-4B5E-98B3-295DF44C8BD2} = {9158A7A4-2CF9-47BE-91A4-8283CF68BF1D}
		{72806AB4-2E59-45D3-885A-D7579503E26D} = {28EF4CCA-27F9-4140-84AD-3877A363B672}
		{1E7791A8-77D6-47EF-B53D-8B6920C3C0C3} = {28EF4CCA-27F9-4140-84AD-3877A363B672}
		{B689886C-A551-42D0-9261-780959189E88} = {28EF4CCA-27F9-4140-84AD-3877A363B672}
		{9CF3D385-A2FC-4BA7-8F4B-F7464664F23A} = {28EF4CCA-27F9-4140-84AD-3877A363B672}
		{0387615D-81E5-4DDC-9ABB-22127973A16A} = {72806AB4-2E59-45D3-885A-D7579503E26D}
		{CBEC86B8-22C5-43EA-A8BB-E201F9ADA9A8} = {06C99127-FE07-4C4E-A5DE-973C43B8F4D4}
		{42700ABC-DF2C-4872-B853-53A7EF9BD6E7} = {47234F03-B60A-49FD-8700-1087A8C1F9AA}
		{4DCD37C9-B1AE-4DD2-B0FF-7BB8E5D458B9} = {801BF1A6-FFD2-4B5E-98B3-295DF44C8BD2}
		{CE65F733-A229-40B1-9251-987891867A2C} = {801BF1A6-FFD2-4B5E-98B3-295DF44C8BD2}
		{BBC26875-14D5-4482-B24E-C1B8D6742E48} = {801BF1A6-FFD2-4B5E-98B3-295DF44C8BD2}
		{274B069B-1927-47A5-8B81-420C7DA98170} = {47234F03-B60A-49FD-8700-1087A8C1F9AA}
		{3661BE0D-4E3A-4765-B1A7-9365FABBEDE6} = {274B069B-1927-47A5-8B81-420C7DA98170}
		{2C72EFC2-6A15-491A-B8FF-B5EB1EB71468} = {42700ABC-DF2C-4872-B853-53A7EF9BD6E7}
	EndGlobalSection
	GlobalSection(ProjectConfigurationPlatforms) = postSolution
		{1E7791A8-77D6-47EF-B53D-8B6920C3C0C3}.Debug|Any CPU.ActiveCfg = Debug|Any CPU
		{1E7791A8-77D6-47EF-B53D-8B6920C3C0C3}.Debug|Any CPU.Build.0 = Debug|Any CPU
		{1E7791A8-77D6-47EF-B53D-8B6920C3C0C3}.Release|Any CPU.ActiveCfg = Release|Any CPU
		{1E7791A8-77D6-47EF-B53D-8B6920C3C0C3}.Release|Any CPU.Build.0 = Release|Any CPU
		{B689886C-A551-42D0-9261-780959189E88}.Debug|Any CPU.ActiveCfg = Debug|Any CPU
		{B689886C-A551-42D0-9261-780959189E88}.Debug|Any CPU.Build.0 = Debug|Any CPU
		{B689886C-A551-42D0-9261-780959189E88}.Release|Any CPU.ActiveCfg = Release|Any CPU
		{B689886C-A551-42D0-9261-780959189E88}.Release|Any CPU.Build.0 = Release|Any CPU
		{9CF3D385-A2FC-4BA7-8F4B-F7464664F23A}.Debug|Any CPU.ActiveCfg = Debug|Any CPU
		{9CF3D385-A2FC-4BA7-8F4B-F7464664F23A}.Debug|Any CPU.Build.0 = Debug|Any CPU
		{9CF3D385-A2FC-4BA7-8F4B-F7464664F23A}.Release|Any CPU.ActiveCfg = Release|Any CPU
		{9CF3D385-A2FC-4BA7-8F4B-F7464664F23A}.Release|Any CPU.Build.0 = Release|Any CPU
		{0387615D-81E5-4DDC-9ABB-22127973A16A}.Debug|Any CPU.ActiveCfg = Debug|Any CPU
		{0387615D-81E5-4DDC-9ABB-22127973A16A}.Debug|Any CPU.Build.0 = Debug|Any CPU
		{0387615D-81E5-4DDC-9ABB-22127973A16A}.Release|Any CPU.ActiveCfg = Release|Any CPU
		{0387615D-81E5-4DDC-9ABB-22127973A16A}.Release|Any CPU.Build.0 = Release|Any CPU
		{CBEC86B8-22C5-43EA-A8BB-E201F9ADA9A8}.Debug|Any CPU.ActiveCfg = Debug|Any CPU
		{CBEC86B8-22C5-43EA-A8BB-E201F9ADA9A8}.Debug|Any CPU.Build.0 = Debug|Any CPU
		{CBEC86B8-22C5-43EA-A8BB-E201F9ADA9A8}.Release|Any CPU.ActiveCfg = Release|Any CPU
		{CBEC86B8-22C5-43EA-A8BB-E201F9ADA9A8}.Release|Any CPU.Build.0 = Release|Any CPU
		{4DCD37C9-B1AE-4DD2-B0FF-7BB8E5D458B9}.Debug|Any CPU.ActiveCfg = Debug|Any CPU
		{4DCD37C9-B1AE-4DD2-B0FF-7BB8E5D458B9}.Debug|Any CPU.Build.0 = Debug|Any CPU
		{4DCD37C9-B1AE-4DD2-B0FF-7BB8E5D458B9}.Release|Any CPU.ActiveCfg = Release|Any CPU
		{4DCD37C9-B1AE-4DD2-B0FF-7BB8E5D458B9}.Release|Any CPU.Build.0 = Release|Any CPU
		{CE65F733-A229-40B1-9251-987891867A2C}.Debug|Any CPU.ActiveCfg = Debug|Any CPU
		{CE65F733-A229-40B1-9251-987891867A2C}.Debug|Any CPU.Build.0 = Debug|Any CPU
		{CE65F733-A229-40B1-9251-987891867A2C}.Release|Any CPU.ActiveCfg = Release|Any CPU
		{CE65F733-A229-40B1-9251-987891867A2C}.Release|Any CPU.Build.0 = Release|Any CPU
		{BBC26875-14D5-4482-B24E-C1B8D6742E48}.Debug|Any CPU.ActiveCfg = Debug|Any CPU
		{BBC26875-14D5-4482-B24E-C1B8D6742E48}.Debug|Any CPU.Build.0 = Debug|Any CPU
		{BBC26875-14D5-4482-B24E-C1B8D6742E48}.Release|Any CPU.ActiveCfg = Release|Any CPU
		{BBC26875-14D5-4482-B24E-C1B8D6742E48}.Release|Any CPU.Build.0 = Release|Any CPU
		{3661BE0D-4E3A-4765-B1A7-9365FABBEDE6}.Debug|Any CPU.ActiveCfg = Debug|Any CPU
		{3661BE0D-4E3A-4765-B1A7-9365FABBEDE6}.Debug|Any CPU.Build.0 = Debug|Any CPU
		{3661BE0D-4E3A-4765-B1A7-9365FABBEDE6}.Release|Any CPU.ActiveCfg = Release|Any CPU
		{3661BE0D-4E3A-4765-B1A7-9365FABBEDE6}.Release|Any CPU.Build.0 = Release|Any CPU
		{2C72EFC2-6A15-491A-B8FF-B5EB1EB71468}.Debug|Any CPU.ActiveCfg = Debug|Any CPU
		{2C72EFC2-6A15-491A-B8FF-B5EB1EB71468}.Debug|Any CPU.Build.0 = Debug|Any CPU
		{2C72EFC2-6A15-491A-B8FF-B5EB1EB71468}.Release|Any CPU.ActiveCfg = Release|Any CPU
		{2C72EFC2-6A15-491A-B8FF-B5EB1EB71468}.Release|Any CPU.Build.0 = Release|Any CPU
	EndGlobalSection
EndGlobal
